
Microsoft Visual Studio Solution File, Format Version 12.00
# Visual Studio 15
VisualStudioVersion = 15.0.28307.539
MinimumVisualStudioVersion = 10.0.40219.1
Project("{FAE04EC0-301F-11D3-BF4B-00C04F79EFBC}") = "DesafioWalmart", "DesafioWalmart\DesafioWalmart.csproj", "{A518B9EA-A4D9-4299-8C8D-BE975D8ACC1E}"
	ProjectSection(ProjectDependencies) = postProject
		{CED54E35-2E3C-4F4D-8AD5-115E2C5199D5} = {CED54E35-2E3C-4F4D-8AD5-115E2C5199D5}
	EndProjectSection
EndProject
Project("{FAE04EC0-301F-11D3-BF4B-00C04F79EFBC}") = "DesafioWalmart.Tests", "DesafioWalmart.Tests\DesafioWalmart.Tests.csproj", "{241B4E73-E1AA-4E1A-BDE5-4C053197F5F9}"
EndProject
Project("{FAE04EC0-301F-11D3-BF4B-00C04F79EFBC}") = "DataLayer", "ConexionDB\DataLayer.csproj", "{CED54E35-2E3C-4F4D-8AD5-115E2C5199D5}"
EndProject
Global
	GlobalSection(SolutionConfigurationPlatforms) = preSolution
		Debug|Any CPU = Debug|Any CPU
		Release|Any CPU = Release|Any CPU
	EndGlobalSection
	GlobalSection(ProjectConfigurationPlatforms) = postSolution
		{A518B9EA-A4D9-4299-8C8D-BE975D8ACC1E}.Debug|Any CPU.ActiveCfg = Debug|Any CPU
		{A518B9EA-A4D9-4299-8C8D-BE975D8ACC1E}.Debug|Any CPU.Build.0 = Debug|Any CPU
		{A518B9EA-A4D9-4299-8C8D-BE975D8ACC1E}.Release|Any CPU.ActiveCfg = Release|Any CPU
		{A518B9EA-A4D9-4299-8C8D-BE975D8ACC1E}.Release|Any CPU.Build.0 = Release|Any CPU
		{241B4E73-E1AA-4E1A-BDE5-4C053197F5F9}.Debug|Any CPU.ActiveCfg = Debug|Any CPU
		{241B4E73-E1AA-4E1A-BDE5-4C053197F5F9}.Debug|Any CPU.Build.0 = Debug|Any CPU
		{241B4E73-E1AA-4E1A-BDE5-4C053197F5F9}.Release|Any CPU.ActiveCfg = Release|Any CPU
		{241B4E73-E1AA-4E1A-BDE5-4C053197F5F9}.Release|Any CPU.Build.0 = Release|Any CPU
		{CED54E35-2E3C-4F4D-8AD5-115E2C5199D5}.Debug|Any CPU.ActiveCfg = Debug|Any CPU
		{CED54E35-2E3C-4F4D-8AD5-115E2C5199D5}.Debug|Any CPU.Build.0 = Debug|Any CPU
		{CED54E35-2E3C-4F4D-8AD5-115E2C5199D5}.Release|Any CPU.ActiveCfg = Release|Any CPU
		{CED54E35-2E3C-4F4D-8AD5-115E2C5199D5}.Release|Any CPU.Build.0 = Release|Any CPU
	EndGlobalSection
	GlobalSection(SolutionProperties) = preSolution
		HideSolutionNode = FALSE
	EndGlobalSection
	GlobalSection(ExtensibilityGlobals) = postSolution
		SolutionGuid = {40AB61FA-97AB-4AD2-BAE5-BC4A7DBDA520}
	EndGlobalSection
EndGlobal
